
Microsoft Visual Studio Solution File, Format Version 12.00
# Visual Studio Version 17
VisualStudioVersion = 17.10.35122.118
MinimumVisualStudioVersion = 10.0.40219.1
Project("{FAE04EC0-301F-11D3-BF4B-00C04F79EFBC}") = "LMS", "LMS.csproj", "{71088F83-693D-433E-B95D-DE1BB429D0F9}"
EndProject
Global
	GlobalSection(SolutionConfigurationPlatforms) = preSolution
		Debug|Any CPU = Debug|Any CPU
		Release|Any CPU = Release|Any CPU
	EndGlobalSection
	GlobalSection(ProjectConfigurationPlatforms) = postSolution
		{71088F83-693D-433E-B95D-DE1BB429D0F9}.Debug|Any CPU.ActiveCfg = Debug|Any CPU
		{71088F83-693D-433E-B95D-DE1BB429D0F9}.Debug|Any CPU.Build.0 = Debug|Any CPU
		{71088F83-693D-433E-B95D-DE1BB429D0F9}.Release|Any CPU.ActiveCfg = Release|Any CPU
		{71088F83-693D-433E-B95D-DE1BB429D0F9}.Release|Any CPU.Build.0 = Release|Any CPU
	EndGlobalSection
	GlobalSection(SolutionProperties) = preSolution
		HideSolutionNode = FALSE
	EndGlobalSection
	GlobalSection(ExtensibilityGlobals) = postSolution
		SolutionGuid = {60AB030F-C76B-4EA3-A9CF-E3056B3E9C79}
	EndGlobalSection
EndGlobal
